// !$*UTF8*$!
{
	archiveVersion = 1;
	classes = {
	};
	objectVersion = 56;
	objects = {

/* Begin PBXBuildFile section */
		8043C70C2CC3721A00AE8B4D /* BlocksApp.swift in Sources */ = {isa = PBXBuildFile; fileRef = 8043C70B2CC3721A00AE8B4D /* BlocksApp.swift */; };
		8043C70E2CC3721A00AE8B4D /* ContentView.swift in Sources */ = {isa = PBXBuildFile; fileRef = 8043C70D2CC3721A00AE8B4D /* ContentView.swift */; };
		8043C7102CC3721B00AE8B4D /* Assets.xcassets in Resources */ = {isa = PBXBuildFile; fileRef = 8043C70F2CC3721B00AE8B4D /* Assets.xcassets */; };
		8043C7132CC3721B00AE8B4D /* Preview Assets.xcassets in Resources */ = {isa = PBXBuildFile; fileRef = 8043C7122CC3721B00AE8B4D /* Preview Assets.xcassets */; };
		853B3C932CD1939900109E5B /* BGameScene.swift in Sources */ = {isa = PBXBuildFile; fileRef = 853B3C912CD1939900109E5B /* BGameScene.swift */; };
		853B3C942CD1939900109E5B /* BGameContext.swift in Sources */ = {isa = PBXBuildFile; fileRef = 853B3C902CD1939900109E5B /* BGameContext.swift */; };
		853B3C982CD193A200109E5B /* BGameInfo.swift in Sources */ = {isa = PBXBuildFile; fileRef = 853B3C952CD193A200109E5B /* BGameInfo.swift */; };
		853B3C992CD193A200109E5B /* BLayoutInfo.swift in Sources */ = {isa = PBXBuildFile; fileRef = 853B3C962CD193A200109E5B /* BLayoutInfo.swift */; };
		853B3CA42CD193B000109E5B /* BDoubleBlock.swift in Sources */ = {isa = PBXBuildFile; fileRef = 853B3C9C2CD193B000109E5B /* BDoubleBlock.swift */; };
		853B3CA52CD193B000109E5B /* BSquareBlockNode.swift in Sources */ = {isa = PBXBuildFile; fileRef = 853B3CA02CD193B000109E5B /* BSquareBlockNode.swift */; };
		853B3CA62CD193B000109E5B /* BVerticalBlock.swift in Sources */ = {isa = PBXBuildFile; fileRef = 853B3CA12CD193B000109E5B /* BVerticalBlock.swift */; };
		853B3CA72CD193B000109E5B /* BBlockTNode.swift in Sources */ = {isa = PBXBuildFile; fileRef = 853B3C9A2CD193B000109E5B /* BBlockTNode.swift */; };
		853B3CA82CD193B000109E5B /* BVerticalLBlock.swift in Sources */ = {isa = PBXBuildFile; fileRef = 853B3CA22CD193B000109E5B /* BVerticalLBlock.swift */; };
		853B3CA92CD193B000109E5B /* BBoxNode.swift in Sources */ = {isa = PBXBuildFile; fileRef = 853B3C9B2CD193B000109E5B /* BBoxNode.swift */; };
		853B3CAA2CD193B000109E5B /* BHorizontalBlockLNode.swift in Sources */ = {isa = PBXBuildFile; fileRef = 853B3C9E2CD193B000109E5B /* BHorizontalBlockLNode.swift */; };
		853B3CAB2CD193B000109E5B /* BHorizontalBlock.swift in Sources */ = {isa = PBXBuildFile; fileRef = 853B3C9D2CD193B000109E5B /* BHorizontalBlock.swift */; };
		853B3CAC2CD193B000109E5B /* BSingleBlock.swift in Sources */ = {isa = PBXBuildFile; fileRef = 853B3C9F2CD193B000109E5B /* BSingleBlock.swift */; };
		853B3CB22CD193B800109E5B /* BGameClearingState.swift in Sources */ = {isa = PBXBuildFile; fileRef = 853B3CAD2CD193B800109E5B /* BGameClearingState.swift */; };
		853B3CB32CD193B800109E5B /* BGamePlayingState.swift in Sources */ = {isa = PBXBuildFile; fileRef = 853B3CB02CD193B800109E5B /* BGamePlayingState.swift */; };
		853B3CB42CD193B800109E5B /* BGamePlacingState.swift in Sources */ = {isa = PBXBuildFile; fileRef = 853B3CAF2CD193B800109E5B /* BGamePlacingState.swift */; };
		853B3CB52CD193B800109E5B /* BGameIdleState.swift in Sources */ = {isa = PBXBuildFile; fileRef = 853B3CAE2CD193B800109E5B /* BGameIdleState.swift */; };
/* End PBXBuildFile section */

/* Begin PBXFileReference section */
		8043C7082CC3721A00AE8B4D /* Blocks.app */ = {isa = PBXFileReference; explicitFileType = wrapper.application; includeInIndex = 0; path = Blocks.app; sourceTree = BUILT_PRODUCTS_DIR; };
		8043C70B2CC3721A00AE8B4D /* BlocksApp.swift */ = {isa = PBXFileReference; lastKnownFileType = sourcecode.swift; path = BlocksApp.swift; sourceTree = "<group>"; };
		8043C70D2CC3721A00AE8B4D /* ContentView.swift */ = {isa = PBXFileReference; lastKnownFileType = sourcecode.swift; path = ContentView.swift; sourceTree = "<group>"; };
		8043C70F2CC3721B00AE8B4D /* Assets.xcassets */ = {isa = PBXFileReference; lastKnownFileType = folder.assetcatalog; path = Assets.xcassets; sourceTree = "<group>"; };
		8043C7122CC3721B00AE8B4D /* Preview Assets.xcassets */ = {isa = PBXFileReference; lastKnownFileType = folder.assetcatalog; path = "Preview Assets.xcassets"; sourceTree = "<group>"; };
		853B3C902CD1939900109E5B /* BGameContext.swift */ = {isa = PBXFileReference; lastKnownFileType = sourcecode.swift; path = BGameContext.swift; sourceTree = "<group>"; };
		853B3C912CD1939900109E5B /* BGameScene.swift */ = {isa = PBXFileReference; lastKnownFileType = sourcecode.swift; path = BGameScene.swift; sourceTree = "<group>"; };
		853B3C952CD193A200109E5B /* BGameInfo.swift */ = {isa = PBXFileReference; lastKnownFileType = sourcecode.swift; path = BGameInfo.swift; sourceTree = "<group>"; };
		853B3C962CD193A200109E5B /* BLayoutInfo.swift */ = {isa = PBXFileReference; lastKnownFileType = sourcecode.swift; path = BLayoutInfo.swift; sourceTree = "<group>"; };
		853B3C9A2CD193B000109E5B /* BBlockTNode.swift */ = {isa = PBXFileReference; lastKnownFileType = sourcecode.swift; path = BBlockTNode.swift; sourceTree = "<group>"; };
		853B3C9B2CD193B000109E5B /* BBoxNode.swift */ = {isa = PBXFileReference; lastKnownFileType = sourcecode.swift; path = BBoxNode.swift; sourceTree = "<group>"; };
		853B3C9C2CD193B000109E5B /* BDoubleBlock.swift */ = {isa = PBXFileReference; lastKnownFileType = sourcecode.swift; path = BDoubleBlock.swift; sourceTree = "<group>"; };
		853B3C9D2CD193B000109E5B /* BHorizontalBlock.swift */ = {isa = PBXFileReference; lastKnownFileType = sourcecode.swift; path = BHorizontalBlock.swift; sourceTree = "<group>"; };
		853B3C9E2CD193B000109E5B /* BHorizontalBlockLNode.swift */ = {isa = PBXFileReference; lastKnownFileType = sourcecode.swift; path = BHorizontalBlockLNode.swift; sourceTree = "<group>"; };
		853B3C9F2CD193B000109E5B /* BSingleBlock.swift */ = {isa = PBXFileReference; lastKnownFileType = sourcecode.swift; path = BSingleBlock.swift; sourceTree = "<group>"; };
		853B3CA02CD193B000109E5B /* BSquareBlockNode.swift */ = {isa = PBXFileReference; lastKnownFileType = sourcecode.swift; path = BSquareBlockNode.swift; sourceTree = "<group>"; };
		853B3CA12CD193B000109E5B /* BVerticalBlock.swift */ = {isa = PBXFileReference; lastKnownFileType = sourcecode.swift; path = BVerticalBlock.swift; sourceTree = "<group>"; };
		853B3CA22CD193B000109E5B /* BVerticalLBlock.swift */ = {isa = PBXFileReference; lastKnownFileType = sourcecode.swift; path = BVerticalLBlock.swift; sourceTree = "<group>"; };
		853B3CAD2CD193B800109E5B /* BGameClearingState.swift */ = {isa = PBXFileReference; lastKnownFileType = sourcecode.swift; path = BGameClearingState.swift; sourceTree = "<group>"; };
		853B3CAE2CD193B800109E5B /* BGameIdleState.swift */ = {isa = PBXFileReference; lastKnownFileType = sourcecode.swift; path = BGameIdleState.swift; sourceTree = "<group>"; };
		853B3CAF2CD193B800109E5B /* BGamePlacingState.swift */ = {isa = PBXFileReference; lastKnownFileType = sourcecode.swift; path = BGamePlacingState.swift; sourceTree = "<group>"; };
		853B3CB02CD193B800109E5B /* BGamePlayingState.swift */ = {isa = PBXFileReference; lastKnownFileType = sourcecode.swift; path = BGamePlayingState.swift; sourceTree = "<group>"; };
/* End PBXFileReference section */

/* Begin PBXFrameworksBuildPhase section */
		8043C7052CC3721A00AE8B4D /* Frameworks */ = {
			isa = PBXFrameworksBuildPhase;
			buildActionMask = 2147483647;
			files = (
			);
			runOnlyForDeploymentPostprocessing = 0;
		};
/* End PBXFrameworksBuildPhase section */

/* Begin PBXGroup section */
		8043C6FF2CC3721A00AE8B4D = {
			isa = PBXGroup;
			children = (
				853B3CB12CD193B800109E5B /* States */,
				853B3CA32CD193B000109E5B /* Nodes */,
				853B3C972CD193A200109E5B /* Helpers */,
				853B3C922CD1939900109E5B /* Core */,
				8043C70A2CC3721A00AE8B4D /* Blocks */,
				8043C7092CC3721A00AE8B4D /* Products */,
			);
			sourceTree = "<group>";
		};
		8043C7092CC3721A00AE8B4D /* Products */ = {
			isa = PBXGroup;
			children = (
				8043C7082CC3721A00AE8B4D /* Blocks.app */,
			);
			name = Products;
			sourceTree = "<group>";
		};
		8043C70A2CC3721A00AE8B4D /* Blocks */ = {
			isa = PBXGroup;
			children = (
				8043C70B2CC3721A00AE8B4D /* BlocksApp.swift */,
				8043C70D2CC3721A00AE8B4D /* ContentView.swift */,
				8043C70F2CC3721B00AE8B4D /* Assets.xcassets */,
				8043C7112CC3721B00AE8B4D /* Preview Content */,
			);
			path = Blocks;
			sourceTree = "<group>";
		};
		8043C7112CC3721B00AE8B4D /* Preview Content */ = {
			isa = PBXGroup;
			children = (
				8043C7122CC3721B00AE8B4D /* Preview Assets.xcassets */,
			);
			path = "Preview Content";
			sourceTree = "<group>";
		};
		853B3C922CD1939900109E5B /* Core */ = {
			isa = PBXGroup;
			children = (
				853B3C902CD1939900109E5B /* BGameContext.swift */,
				853B3C912CD1939900109E5B /* BGameScene.swift */,
			);
			path = Core;
			sourceTree = "<group>";
		};
		853B3C972CD193A200109E5B /* Helpers */ = {
			isa = PBXGroup;
			children = (
				853B3C952CD193A200109E5B /* BGameInfo.swift */,
				853B3C962CD193A200109E5B /* BLayoutInfo.swift */,
			);
			path = Helpers;
			sourceTree = "<group>";
		};
		853B3CA32CD193B000109E5B /* Nodes */ = {
			isa = PBXGroup;
			children = (
				853B3C9A2CD193B000109E5B /* BBlockTNode.swift */,
				853B3C9B2CD193B000109E5B /* BBoxNode.swift */,
				853B3C9C2CD193B000109E5B /* BDoubleBlock.swift */,
				853B3C9D2CD193B000109E5B /* BHorizontalBlock.swift */,
				853B3C9E2CD193B000109E5B /* BHorizontalBlockLNode.swift */,
				853B3C9F2CD193B000109E5B /* BSingleBlock.swift */,
				853B3CA02CD193B000109E5B /* BSquareBlockNode.swift */,
				853B3CA12CD193B000109E5B /* BVerticalBlock.swift */,
				853B3CA22CD193B000109E5B /* BVerticalLBlock.swift */,
			);
			path = Nodes;
			sourceTree = "<group>";
		};
		853B3CB12CD193B800109E5B /* States */ = {
			isa = PBXGroup;
			children = (
				853B3CAD2CD193B800109E5B /* BGameClearingState.swift */,
				853B3CAE2CD193B800109E5B /* BGameIdleState.swift */,
				853B3CAF2CD193B800109E5B /* BGamePlacingState.swift */,
				853B3CB02CD193B800109E5B /* BGamePlayingState.swift */,
			);
			path = States;
			sourceTree = "<group>";
		};
/* End PBXGroup section */

/* Begin PBXNativeTarget section */
		8043C7072CC3721A00AE8B4D /* Blocks */ = {
			isa = PBXNativeTarget;
			buildConfigurationList = 8043C7162CC3721B00AE8B4D /* Build configuration list for PBXNativeTarget "Blocks" */;
			buildPhases = (
				8043C7042CC3721A00AE8B4D /* Sources */,
				8043C7052CC3721A00AE8B4D /* Frameworks */,
				8043C7062CC3721A00AE8B4D /* Resources */,
			);
			buildRules = (
			);
			dependencies = (
			);
			name = Blocks;
			productName = Blocks;
			productReference = 8043C7082CC3721A00AE8B4D /* Blocks.app */;
			productType = "com.apple.product-type.application";
		};
/* End PBXNativeTarget section */

/* Begin PBXProject section */
		8043C7002CC3721A00AE8B4D /* Project object */ = {
			isa = PBXProject;
			attributes = {
				BuildIndependentTargetsInParallel = 1;
				LastSwiftUpdateCheck = 1540;
				LastUpgradeCheck = 1540;
				TargetAttributes = {
					8043C7072CC3721A00AE8B4D = {
						CreatedOnToolsVersion = 15.4;
					};
				};
			};
			buildConfigurationList = 8043C7032CC3721A00AE8B4D /* Build configuration list for PBXProject "Blocks" */;
			compatibilityVersion = "Xcode 14.0";
			developmentRegion = en;
			hasScannedForEncodings = 0;
			knownRegions = (
				en,
				Base,
			);
			mainGroup = 8043C6FF2CC3721A00AE8B4D;
			productRefGroup = 8043C7092CC3721A00AE8B4D /* Products */;
			projectDirPath = "";
			projectRoot = "";
			targets = (
				8043C7072CC3721A00AE8B4D /* Blocks */,
			);
		};
/* End PBXProject section */

/* Begin PBXResourcesBuildPhase section */
		8043C7062CC3721A00AE8B4D /* Resources */ = {
			isa = PBXResourcesBuildPhase;
			buildActionMask = 2147483647;
			files = (
				8043C7132CC3721B00AE8B4D /* Preview Assets.xcassets in Resources */,
				8043C7102CC3721B00AE8B4D /* Assets.xcassets in Resources */,
			);
			runOnlyForDeploymentPostprocessing = 0;
		};
/* End PBXResourcesBuildPhase section */

/* Begin PBXSourcesBuildPhase section */
		8043C7042CC3721A00AE8B4D /* Sources */ = {
			isa = PBXSourcesBuildPhase;
			buildActionMask = 2147483647;
			files = (
				8043C70E2CC3721A00AE8B4D /* ContentView.swift in Sources */,
				853B3CA42CD193B000109E5B /* BDoubleBlock.swift in Sources */,
				853B3CA52CD193B000109E5B /* BSquareBlockNode.swift in Sources */,
				853B3CA62CD193B000109E5B /* BVerticalBlock.swift in Sources */,
				853B3CA72CD193B000109E5B /* BBlockTNode.swift in Sources */,
				853B3CA82CD193B000109E5B /* BVerticalLBlock.swift in Sources */,
				853B3CA92CD193B000109E5B /* BBoxNode.swift in Sources */,
				853B3CAA2CD193B000109E5B /* BHorizontalBlockLNode.swift in Sources */,
				853B3CAB2CD193B000109E5B /* BHorizontalBlock.swift in Sources */,
				853B3CAC2CD193B000109E5B /* BSingleBlock.swift in Sources */,
				8043C70C2CC3721A00AE8B4D /* BlocksApp.swift in Sources */,
				853B3C982CD193A200109E5B /* BGameInfo.swift in Sources */,
				853B3C992CD193A200109E5B /* BLayoutInfo.swift in Sources */,
				853B3C932CD1939900109E5B /* BGameScene.swift in Sources */,
				853B3C942CD1939900109E5B /* BGameContext.swift in Sources */,
				853B3CB22CD193B800109E5B /* BGameClearingState.swift in Sources */,
				853B3CB32CD193B800109E5B /* BGamePlayingState.swift in Sources */,
				853B3CB42CD193B800109E5B /* BGamePlacingState.swift in Sources */,
				853B3CB52CD193B800109E5B /* BGameIdleState.swift in Sources */,
			);
			runOnlyForDeploymentPostprocessing = 0;
		};
/* End PBXSourcesBuildPhase section */

/* Begin XCBuildConfiguration section */
		8043C7142CC3721B00AE8B4D /* Debug */ = {
			isa = XCBuildConfiguration;
			buildSettings = {
				ALWAYS_SEARCH_USER_PATHS = NO;
				ASSETCATALOG_COMPILER_GENERATE_SWIFT_ASSET_SYMBOL_EXTENSIONS = YES;
				CLANG_ANALYZER_NONNULL = YES;
				CLANG_ANALYZER_NUMBER_OBJECT_CONVERSION = YES_AGGRESSIVE;
				CLANG_CXX_LANGUAGE_STANDARD = "gnu++20";
				CLANG_ENABLE_MODULES = YES;
				CLANG_ENABLE_OBJC_ARC = YES;
				CLANG_ENABLE_OBJC_WEAK = YES;
				CLANG_WARN_BLOCK_CAPTURE_AUTORELEASING = YES;
				CLANG_WARN_BOOL_CONVERSION = YES;
				CLANG_WARN_COMMA = YES;
				CLANG_WARN_CONSTANT_CONVERSION = YES;
				CLANG_WARN_DEPRECATED_OBJC_IMPLEMENTATIONS = YES;
				CLANG_WARN_DIRECT_OBJC_ISA_USAGE = YES_ERROR;
				CLANG_WARN_DOCUMENTATION_COMMENTS = YES;
				CLANG_WARN_EMPTY_BODY = YES;
				CLANG_WARN_ENUM_CONVERSION = YES;
				CLANG_WARN_INFINITE_RECURSION = YES;
				CLANG_WARN_INT_CONVERSION = YES;
				CLANG_WARN_NON_LITERAL_NULL_CONVERSION = YES;
				CLANG_WARN_OBJC_IMPLICIT_RETAIN_SELF = YES;
				CLANG_WARN_OBJC_LITERAL_CONVERSION = YES;
				CLANG_WARN_OBJC_ROOT_CLASS = YES_ERROR;
				CLANG_WARN_QUOTED_INCLUDE_IN_FRAMEWORK_HEADER = YES;
				CLANG_WARN_RANGE_LOOP_ANALYSIS = YES;
				CLANG_WARN_STRICT_PROTOTYPES = YES;
				CLANG_WARN_SUSPICIOUS_MOVE = YES;
				CLANG_WARN_UNGUARDED_AVAILABILITY = YES_AGGRESSIVE;
				CLANG_WARN_UNREACHABLE_CODE = YES;
				CLANG_WARN__DUPLICATE_METHOD_MATCH = YES;
				COPY_PHASE_STRIP = NO;
				DEBUG_INFORMATION_FORMAT = dwarf;
				ENABLE_STRICT_OBJC_MSGSEND = YES;
				ENABLE_TESTABILITY = YES;
				ENABLE_USER_SCRIPT_SANDBOXING = YES;
				GCC_C_LANGUAGE_STANDARD = gnu17;
				GCC_DYNAMIC_NO_PIC = NO;
				GCC_NO_COMMON_BLOCKS = YES;
				GCC_OPTIMIZATION_LEVEL = 0;
				GCC_PREPROCESSOR_DEFINITIONS = (
					"DEBUG=1",
					"$(inherited)",
				);
				GCC_WARN_64_TO_32_BIT_CONVERSION = YES;
				GCC_WARN_ABOUT_RETURN_TYPE = YES_ERROR;
				GCC_WARN_UNDECLARED_SELECTOR = YES;
				GCC_WARN_UNINITIALIZED_AUTOS = YES_AGGRESSIVE;
				GCC_WARN_UNUSED_FUNCTION = YES;
				GCC_WARN_UNUSED_VARIABLE = YES;
				IPHONEOS_DEPLOYMENT_TARGET = 17.5;
				LOCALIZATION_PREFERS_STRING_CATALOGS = YES;
				MTL_ENABLE_DEBUG_INFO = INCLUDE_SOURCE;
				MTL_FAST_MATH = YES;
				ONLY_ACTIVE_ARCH = YES;
				SDKROOT = iphoneos;
				SWIFT_ACTIVE_COMPILATION_CONDITIONS = "DEBUG $(inherited)";
				SWIFT_OPTIMIZATION_LEVEL = "-Onone";
			};
			name = Debug;
		};
		8043C7152CC3721B00AE8B4D /* Release */ = {
			isa = XCBuildConfiguration;
			buildSettings = {
				ALWAYS_SEARCH_USER_PATHS = NO;
				ASSETCATALOG_COMPILER_GENERATE_SWIFT_ASSET_SYMBOL_EXTENSIONS = YES;
				CLANG_ANALYZER_NONNULL = YES;
				CLANG_ANALYZER_NUMBER_OBJECT_CONVERSION = YES_AGGRESSIVE;
				CLANG_CXX_LANGUAGE_STANDARD = "gnu++20";
				CLANG_ENABLE_MODULES = YES;
				CLANG_ENABLE_OBJC_ARC = YES;
				CLANG_ENABLE_OBJC_WEAK = YES;
				CLANG_WARN_BLOCK_CAPTURE_AUTORELEASING = YES;
				CLANG_WARN_BOOL_CONVERSION = YES;
				CLANG_WARN_COMMA = YES;
				CLANG_WARN_CONSTANT_CONVERSION = YES;
				CLANG_WARN_DEPRECATED_OBJC_IMPLEMENTATIONS = YES;
				CLANG_WARN_DIRECT_OBJC_ISA_USAGE = YES_ERROR;
				CLANG_WARN_DOCUMENTATION_COMMENTS = YES;
				CLANG_WARN_EMPTY_BODY = YES;
				CLANG_WARN_ENUM_CONVERSION = YES;
				CLANG_WARN_INFINITE_RECURSION = YES;
				CLANG_WARN_INT_CONVERSION = YES;
				CLANG_WARN_NON_LITERAL_NULL_CONVERSION = YES;
				CLANG_WARN_OBJC_IMPLICIT_RETAIN_SELF = YES;
				CLANG_WARN_OBJC_LITERAL_CONVERSION = YES;
				CLANG_WARN_OBJC_ROOT_CLASS = YES_ERROR;
				CLANG_WARN_QUOTED_INCLUDE_IN_FRAMEWORK_HEADER = YES;
				CLANG_WARN_RANGE_LOOP_ANALYSIS = YES;
				CLANG_WARN_STRICT_PROTOTYPES = YES;
				CLANG_WARN_SUSPICIOUS_MOVE = YES;
				CLANG_WARN_UNGUARDED_AVAILABILITY = YES_AGGRESSIVE;
				CLANG_WARN_UNREACHABLE_CODE = YES;
				CLANG_WARN__DUPLICATE_METHOD_MATCH = YES;
				COPY_PHASE_STRIP = NO;
				DEBUG_INFORMATION_FORMAT = "dwarf-with-dsym";
				ENABLE_NS_ASSERTIONS = NO;
				ENABLE_STRICT_OBJC_MSGSEND = YES;
				ENABLE_USER_SCRIPT_SANDBOXING = YES;
				GCC_C_LANGUAGE_STANDARD = gnu17;
				GCC_NO_COMMON_BLOCKS = YES;
				GCC_WARN_64_TO_32_BIT_CONVERSION = YES;
				GCC_WARN_ABOUT_RETURN_TYPE = YES_ERROR;
				GCC_WARN_UNDECLARED_SELECTOR = YES;
				GCC_WARN_UNINITIALIZED_AUTOS = YES_AGGRESSIVE;
				GCC_WARN_UNUSED_FUNCTION = YES;
				GCC_WARN_UNUSED_VARIABLE = YES;
				IPHONEOS_DEPLOYMENT_TARGET = 17.5;
				LOCALIZATION_PREFERS_STRING_CATALOGS = YES;
				MTL_ENABLE_DEBUG_INFO = NO;
				MTL_FAST_MATH = YES;
				SDKROOT = iphoneos;
				SWIFT_COMPILATION_MODE = wholemodule;
				VALIDATE_PRODUCT = YES;
			};
			name = Release;
		};
		8043C7172CC3721B00AE8B4D /* Debug */ = {
			isa = XCBuildConfiguration;
			buildSettings = {
				ASSETCATALOG_COMPILER_APPICON_NAME = AppIcon;
				ASSETCATALOG_COMPILER_GLOBAL_ACCENT_COLOR_NAME = AccentColor;
				CODE_SIGN_STYLE = Automatic;
				CURRENT_PROJECT_VERSION = 1;
				DEVELOPMENT_ASSET_PATHS = "\"Blocks/Preview Content\"";
				ENABLE_PREVIEWS = YES;
				GENERATE_INFOPLIST_FILE = YES;
				INFOPLIST_KEY_UIApplicationSceneManifest_Generation = YES;
				INFOPLIST_KEY_UIApplicationSupportsIndirectInputEvents = YES;
				INFOPLIST_KEY_UILaunchScreen_Generation = YES;
				INFOPLIST_KEY_UISupportedInterfaceOrientations_iPad = "UIInterfaceOrientationPortrait UIInterfaceOrientationPortraitUpsideDown UIInterfaceOrientationLandscapeLeft UIInterfaceOrientationLandscapeRight";
				INFOPLIST_KEY_UISupportedInterfaceOrientations_iPhone = "UIInterfaceOrientationPortrait UIInterfaceOrientationLandscapeLeft UIInterfaceOrientationLandscapeRight";
				LD_RUNPATH_SEARCH_PATHS = (
					"$(inherited)",
					"@executable_path/Frameworks",
				);
				MARKETING_VERSION = 1.0;
				PRODUCT_BUNDLE_IDENTIFIER = com.hyel.Blocks;
				PRODUCT_NAME = "$(TARGET_NAME)";
				SWIFT_EMIT_LOC_STRINGS = YES;
				SWIFT_VERSION = 5.0;
				TARGETED_DEVICE_FAMILY = "1,2";
			};
			name = Debug;
		};
		8043C7182CC3721B00AE8B4D /* Release */ = {
			isa = XCBuildConfiguration;
			buildSettings = {
				ASSETCATALOG_COMPILER_APPICON_NAME = AppIcon;
				ASSETCATALOG_COMPILER_GLOBAL_ACCENT_COLOR_NAME = AccentColor;
				CODE_SIGN_STYLE = Automatic;
				CURRENT_PROJECT_VERSION = 1;
				DEVELOPMENT_ASSET_PATHS = "\"Blocks/Preview Content\"";
				ENABLE_PREVIEWS = YES;
				GENERATE_INFOPLIST_FILE = YES;
				INFOPLIST_KEY_UIApplicationSceneManifest_Generation = YES;
				INFOPLIST_KEY_UIApplicationSupportsIndirectInputEvents = YES;
				INFOPLIST_KEY_UILaunchScreen_Generation = YES;
				INFOPLIST_KEY_UISupportedInterfaceOrientations_iPad = "UIInterfaceOrientationPortrait UIInterfaceOrientationPortraitUpsideDown UIInterfaceOrientationLandscapeLeft UIInterfaceOrientationLandscapeRight";
				INFOPLIST_KEY_UISupportedInterfaceOrientations_iPhone = "UIInterfaceOrientationPortrait UIInterfaceOrientationLandscapeLeft UIInterfaceOrientationLandscapeRight";
				LD_RUNPATH_SEARCH_PATHS = (
					"$(inherited)",
					"@executable_path/Frameworks",
				);
				MARKETING_VERSION = 1.0;
				PRODUCT_BUNDLE_IDENTIFIER = com.hyel.Blocks;
				PRODUCT_NAME = "$(TARGET_NAME)";
				SWIFT_EMIT_LOC_STRINGS = YES;
				SWIFT_VERSION = 5.0;
				TARGETED_DEVICE_FAMILY = "1,2";
			};
			name = Release;
		};
/* End XCBuildConfiguration section */

/* Begin XCConfigurationList section */
		8043C7032CC3721A00AE8B4D /* Build configuration list for PBXProject "Blocks" */ = {
			isa = XCConfigurationList;
			buildConfigurations = (
				8043C7142CC3721B00AE8B4D /* Debug */,
				8043C7152CC3721B00AE8B4D /* Release */,
			);
			defaultConfigurationIsVisible = 0;
			defaultConfigurationName = Release;
		};
		8043C7162CC3721B00AE8B4D /* Build configuration list for PBXNativeTarget "Blocks" */ = {
			isa = XCConfigurationList;
			buildConfigurations = (
				8043C7172CC3721B00AE8B4D /* Debug */,
				8043C7182CC3721B00AE8B4D /* Release */,
			);
			defaultConfigurationIsVisible = 0;
			defaultConfigurationName = Release;
		};
/* End XCConfigurationList section */
	};
	rootObject = 8043C7002CC3721A00AE8B4D /* Project object */;
}
