// !$*UTF8*$!
{
	archiveVersion = 1;
	classes = {
	};
	objectVersion = 56;
	objects = {

/* Begin PBXBuildFile section */
		510714912CE6C3D500E7B201 /* bg.png in Resources */ = {isa = PBXBuildFile; fileRef = 510714902CE6C3D500E7B201 /* bg.png */; };
		510F3E952D0BA3C6004E3CAC /* multiplier2.png in Resources */ = {isa = PBXBuildFile; fileRef = 510F3E942D0BA3C6004E3CAC /* multiplier2.png */; };
		510F3E972D0BA756004E3CAC /* multiplier3.png in Resources */ = {isa = PBXBuildFile; fileRef = 510F3E962D0BA756004E3CAC /* multiplier3.png */; };
		510F3E9A2D0BADE8004E3CAC /* SpriteKit.framework in Frameworks */ = {isa = PBXBuildFile; fileRef = 510F3E992D0BADE8004E3CAC /* SpriteKit.framework */; };
		5110A1132CEBD08C004AB60D /* BT5Block.swift in Sources */ = {isa = PBXBuildFile; fileRef = 5110A1122CEBD08C004AB60D /* BT5Block.swift */; };
		5110A1152CEBE813004AB60D /* BZShapeBlock.swift in Sources */ = {isa = PBXBuildFile; fileRef = 5110A1142CEBE813004AB60D /* BZShapeBlock.swift */; };
		5127EFFE2CDD413900FF8FC8 /* Risingwav.mp3 in Resources */ = {isa = PBXBuildFile; fileRef = 5127EFFD2CDD413900FF8FC8 /* Risingwav.mp3 */; };
		5156DB5E2CD6DC0B00718AD9 /* BSquareBlock2x2.swift in Sources */ = {isa = PBXBuildFile; fileRef = 5156DB5D2CD6DC0B00718AD9 /* BSquareBlock2x2.swift */; };
		516084AE2CE26C370036A6BA /* BRotatedLShape2x2.swift in Sources */ = {isa = PBXBuildFile; fileRef = 516084AD2CE26C370036A6BA /* BRotatedLShape2x2.swift */; };
		5187D3862CD813FF00787D80 /* B3x3SquareNode.swift in Sources */ = {isa = PBXBuildFile; fileRef = 5187D3852CD813FF00787D80 /* B3x3SquareNode.swift */; };
		5190EBD92D0CB3DB00E1674A /* gameover_voice.mp3 in Resources */ = {isa = PBXBuildFile; fileRef = 5190EBD82D0CB3DB00E1674A /* gameover_voice.mp3 */; };
		5190EBE52D0D255A00E1674A /* X.png in Resources */ = {isa = PBXBuildFile; fileRef = 5190EBE42D0D255A00E1674A /* X.png */; };
		51A81AC52CDECC37002406E2 /* Muted.mp3 in Resources */ = {isa = PBXBuildFile; fileRef = 51A81AC12CDECC37002406E2 /* Muted.mp3 */; };
		51A81AC62CDECC37002406E2 /* Soft_Pop_or_Click.mp3 in Resources */ = {isa = PBXBuildFile; fileRef = 51A81AC32CDECC37002406E2 /* Soft_Pop_or_Click.mp3 */; };
		51B2BAB42CD82A4000BB4E30 /* BVerticalBlockNode.swift in Sources */ = {isa = PBXBuildFile; fileRef = 51B2BAB32CD82A4000BB4E30 /* BVerticalBlockNode.swift */; };
		51B2BAB62CD82AE300BB4E30 /* BHorizontalBlockNode.swift in Sources */ = {isa = PBXBuildFile; fileRef = 51B2BAB52CD82AE300BB4E30 /* BHorizontalBlockNode.swift */; };
		51B2BAB82CD82BB200BB4E30 /* BLShapeNode.swift in Sources */ = {isa = PBXBuildFile; fileRef = 51B2BAB72CD82BB200BB4E30 /* BLShapeNode.swift */; };
		51B2BABC2CD82F8300BB4E30 /* BVerticalBlockNode1x3.swift in Sources */ = {isa = PBXBuildFile; fileRef = 51B2BABB2CD82F8300BB4E30 /* BVerticalBlockNode1x3.swift */; };
		51B2BABE2CD82FC800BB4E30 /* BHorizontalBlockNode1x3.swift in Sources */ = {isa = PBXBuildFile; fileRef = 51B2BABD2CD82FC800BB4E30 /* BHorizontalBlockNode1x3.swift */; };
		51B2BAC02CD8302E00BB4E30 /* BVerticalBlockNode1x4.swift in Sources */ = {isa = PBXBuildFile; fileRef = 51B2BABF2CD8302E00BB4E30 /* BVerticalBlockNode1x4.swift */; };
		51B2BAC22CD8305800BB4E30 /* BHorizontalBlockNode1x4.swift in Sources */ = {isa = PBXBuildFile; fileRef = 51B2BAC12CD8305800BB4E30 /* BHorizontalBlockNode1x4.swift */; };
		51B31FB82CE2FAC900C74417 /* BRotated5LBlock3x3.swift in Sources */ = {isa = PBXBuildFile; fileRef = 51B31FB72CE2FAC900C74417 /* BRotated5LBlock3x3.swift */; };
		51E0B0272CDF11BE0007EE98 /* New.mp3 in Resources */ = {isa = PBXBuildFile; fileRef = 51E0B0262CDF11BE0007EE98 /* New.mp3 */; };
		51FC7F912D0B4F9800064AA2 /* multiplier.png in Resources */ = {isa = PBXBuildFile; fileRef = 51FC7F902D0B4F9800064AA2 /* multiplier.png */; };
		51FC7F932D0B4FA100064AA2 /* undo.png in Resources */ = {isa = PBXBuildFile; fileRef = 51FC7F922D0B4FA100064AA2 /* undo.png */; };
		51FC7F952D0B4FA800064AA2 /* delete.png in Resources */ = {isa = PBXBuildFile; fileRef = 51FC7F942D0B4FA800064AA2 /* delete.png */; };
		51FC7F972D0B4FB700064AA2 /* swap.png in Resources */ = {isa = PBXBuildFile; fileRef = 51FC7F962D0B4FB700064AA2 /* swap.png */; };
		51FC7F992D0B570A00064AA2 /* first.mp3 in Resources */ = {isa = PBXBuildFile; fileRef = 51FC7F982D0B570A00064AA2 /* first.mp3 */; };
		51FC7F9B2D0B571300064AA2 /* weapon_gun_1911_A_19.mp3 in Resources */ = {isa = PBXBuildFile; fileRef = 51FC7F9A2D0B571300064AA2 /* weapon_gun_1911_A_19.mp3 */; };
		8043C70C2CC3721A00AE8B4D /* BlocksApp.swift in Sources */ = {isa = PBXBuildFile; fileRef = 8043C70B2CC3721A00AE8B4D /* BlocksApp.swift */; };
		8043C70E2CC3721A00AE8B4D /* ContentView.swift in Sources */ = {isa = PBXBuildFile; fileRef = 8043C70D2CC3721A00AE8B4D /* ContentView.swift */; };
		8043C7102CC3721B00AE8B4D /* Assets.xcassets in Resources */ = {isa = PBXBuildFile; fileRef = 8043C70F2CC3721B00AE8B4D /* Assets.xcassets */; };
		8043C7132CC3721B00AE8B4D /* Preview Assets.xcassets in Resources */ = {isa = PBXBuildFile; fileRef = 8043C7122CC3721B00AE8B4D /* Preview Assets.xcassets */; };
		80605FCA2D0E2C9E003336FE /* question.png in Resources */ = {isa = PBXBuildFile; fileRef = 80605FC92D0E2C9E003336FE /* question.png */; };
		80605FCC2D0E2DFC003336FE /* questionmark.png in Resources */ = {isa = PBXBuildFile; fileRef = 80605FCB2D0E2DFC003336FE /* questionmark.png */; };
		808EFBE22CD88AA800AF1606 /* BLShapeNode5Block.swift in Sources */ = {isa = PBXBuildFile; fileRef = 808EFBE12CD88AA800AF1606 /* BLShapeNode5Block.swift */; };
		80CA97472CDC83EF007AB840 /* download.mp3 in Resources */ = {isa = PBXBuildFile; fileRef = 80CA97462CDC83EF007AB840 /* download.mp3 */; };
		9E3580752CD1A407007ABB7D /* BLayoutInfo.swift in Sources */ = {isa = PBXBuildFile; fileRef = 9E3580622CD1A407007ABB7D /* BLayoutInfo.swift */; };
		9E3580762CD1A407007ABB7D /* BGameIdleState.swift in Sources */ = {isa = PBXBuildFile; fileRef = 9E35806F2CD1A407007ABB7D /* BGameIdleState.swift */; };
		9E3580772CD1A407007ABB7D /* BGameScene.swift in Sources */ = {isa = PBXBuildFile; fileRef = 9E35805F2CD1A407007ABB7D /* BGameScene.swift */; };
		9E3580782CD1A407007ABB7D /* BGameContext.swift in Sources */ = {isa = PBXBuildFile; fileRef = 9E35805E2CD1A407007ABB7D /* BGameContext.swift */; };
		9E35807A2CD1A407007ABB7D /* BGameClearingState.swift in Sources */ = {isa = PBXBuildFile; fileRef = 9E35806E2CD1A407007ABB7D /* BGameClearingState.swift */; };
		9E35807D2CD1A407007ABB7D /* BBoxNode.swift in Sources */ = {isa = PBXBuildFile; fileRef = 9E3580652CD1A407007ABB7D /* BBoxNode.swift */; };
		9E35807E2CD1A407007ABB7D /* BSingleBlock.swift in Sources */ = {isa = PBXBuildFile; fileRef = 9E3580692CD1A407007ABB7D /* BSingleBlock.swift */; };
		9E35807F2CD1A407007ABB7D /* BGamePlacingState.swift in Sources */ = {isa = PBXBuildFile; fileRef = 9E3580702CD1A407007ABB7D /* BGamePlacingState.swift */; };
		9E3580822CD1A407007ABB7D /* BGameInfo.swift in Sources */ = {isa = PBXBuildFile; fileRef = 9E3580612CD1A407007ABB7D /* BGameInfo.swift */; };
		9E3580832CD1A407007ABB7D /* BGamePlayingState.swift in Sources */ = {isa = PBXBuildFile; fileRef = 9E3580712CD1A407007ABB7D /* BGamePlayingState.swift */; };
		9E3580852CD1A407007ABB7D /* GameState.swift in Sources */ = {isa = PBXBuildFile; fileRef = 9E3580722CD1A407007ABB7D /* GameState.swift */; };
		9E35808C2CD1A459007ABB7D /* GameType.swift in Sources */ = {isa = PBXBuildFile; fileRef = 9E35808A2CD1A459007ABB7D /* GameType.swift */; };
		9E35808D2CD1A459007ABB7D /* GameModeType.swift in Sources */ = {isa = PBXBuildFile; fileRef = 9E3580892CD1A459007ABB7D /* GameModeType.swift */; };
		9E35808E2CD1A459007ABB7D /* Dependencies.swift in Sources */ = {isa = PBXBuildFile; fileRef = 9E3580872CD1A459007ABB7D /* Dependencies.swift */; };
		9E35808F2CD1A459007ABB7D /* GameContext.swift in Sources */ = {isa = PBXBuildFile; fileRef = 9E3580882CD1A459007ABB7D /* GameContext.swift */; };
/* End PBXBuildFile section */

/* Begin PBXFileReference section */
		510714902CE6C3D500E7B201 /* bg.png */ = {isa = PBXFileReference; lastKnownFileType = image.png; path = bg.png; sourceTree = "<group>"; };
		510F3E942D0BA3C6004E3CAC /* multiplier2.png */ = {isa = PBXFileReference; lastKnownFileType = image.png; path = multiplier2.png; sourceTree = "<group>"; };
		510F3E962D0BA756004E3CAC /* multiplier3.png */ = {isa = PBXFileReference; lastKnownFileType = image.png; path = multiplier3.png; sourceTree = "<group>"; };
		510F3E992D0BADE8004E3CAC /* SpriteKit.framework */ = {isa = PBXFileReference; lastKnownFileType = wrapper.framework; name = SpriteKit.framework; path = System/Library/Frameworks/SpriteKit.framework; sourceTree = SDKROOT; };
		5110A1122CEBD08C004AB60D /* BT5Block.swift */ = {isa = PBXFileReference; lastKnownFileType = sourcecode.swift; path = BT5Block.swift; sourceTree = "<group>"; };
		5110A1142CEBE813004AB60D /* BZShapeBlock.swift */ = {isa = PBXFileReference; lastKnownFileType = sourcecode.swift; path = BZShapeBlock.swift; sourceTree = "<group>"; };
		5127EFFD2CDD413900FF8FC8 /* Risingwav.mp3 */ = {isa = PBXFileReference; lastKnownFileType = audio.mp3; path = Risingwav.mp3; sourceTree = "<group>"; };
		5156DB5D2CD6DC0B00718AD9 /* BSquareBlock2x2.swift */ = {isa = PBXFileReference; lastKnownFileType = sourcecode.swift; path = BSquareBlock2x2.swift; sourceTree = "<group>"; };
		516084AD2CE26C370036A6BA /* BRotatedLShape2x2.swift */ = {isa = PBXFileReference; lastKnownFileType = sourcecode.swift; path = BRotatedLShape2x2.swift; sourceTree = "<group>"; };
		5187D3852CD813FF00787D80 /* B3x3SquareNode.swift */ = {isa = PBXFileReference; lastKnownFileType = sourcecode.swift; path = B3x3SquareNode.swift; sourceTree = "<group>"; };
		5190EBD82D0CB3DB00E1674A /* gameover_voice.mp3 */ = {isa = PBXFileReference; lastKnownFileType = audio.mp3; path = gameover_voice.mp3; sourceTree = "<group>"; };
		5190EBE42D0D255A00E1674A /* X.png */ = {isa = PBXFileReference; lastKnownFileType = image.png; path = X.png; sourceTree = "<group>"; };
		51A81AC12CDECC37002406E2 /* Muted.mp3 */ = {isa = PBXFileReference; lastKnownFileType = audio.mp3; path = Muted.mp3; sourceTree = "<group>"; };
		51A81AC32CDECC37002406E2 /* Soft_Pop_or_Click.mp3 */ = {isa = PBXFileReference; lastKnownFileType = audio.mp3; path = Soft_Pop_or_Click.mp3; sourceTree = "<group>"; };
		51B2BAB32CD82A4000BB4E30 /* BVerticalBlockNode.swift */ = {isa = PBXFileReference; lastKnownFileType = sourcecode.swift; path = BVerticalBlockNode.swift; sourceTree = "<group>"; };
		51B2BAB52CD82AE300BB4E30 /* BHorizontalBlockNode.swift */ = {isa = PBXFileReference; lastKnownFileType = sourcecode.swift; path = BHorizontalBlockNode.swift; sourceTree = "<group>"; };
		51B2BAB72CD82BB200BB4E30 /* BLShapeNode.swift */ = {isa = PBXFileReference; lastKnownFileType = sourcecode.swift; path = BLShapeNode.swift; sourceTree = "<group>"; };
		51B2BABB2CD82F8300BB4E30 /* BVerticalBlockNode1x3.swift */ = {isa = PBXFileReference; lastKnownFileType = sourcecode.swift; path = BVerticalBlockNode1x3.swift; sourceTree = "<group>"; };
		51B2BABD2CD82FC800BB4E30 /* BHorizontalBlockNode1x3.swift */ = {isa = PBXFileReference; lastKnownFileType = sourcecode.swift; path = BHorizontalBlockNode1x3.swift; sourceTree = "<group>"; };
		51B2BABF2CD8302E00BB4E30 /* BVerticalBlockNode1x4.swift */ = {isa = PBXFileReference; lastKnownFileType = sourcecode.swift; path = BVerticalBlockNode1x4.swift; sourceTree = "<group>"; };
		51B2BAC12CD8305800BB4E30 /* BHorizontalBlockNode1x4.swift */ = {isa = PBXFileReference; lastKnownFileType = sourcecode.swift; path = BHorizontalBlockNode1x4.swift; sourceTree = "<group>"; };
		51B31FB72CE2FAC900C74417 /* BRotated5LBlock3x3.swift */ = {isa = PBXFileReference; lastKnownFileType = sourcecode.swift; path = BRotated5LBlock3x3.swift; sourceTree = "<group>"; };
		51E0B0262CDF11BE0007EE98 /* New.mp3 */ = {isa = PBXFileReference; lastKnownFileType = audio.mp3; path = New.mp3; sourceTree = "<group>"; };
		51FC7F902D0B4F9800064AA2 /* multiplier.png */ = {isa = PBXFileReference; lastKnownFileType = image.png; path = multiplier.png; sourceTree = "<group>"; };
		51FC7F922D0B4FA100064AA2 /* undo.png */ = {isa = PBXFileReference; lastKnownFileType = image.png; path = undo.png; sourceTree = "<group>"; };
		51FC7F942D0B4FA800064AA2 /* delete.png */ = {isa = PBXFileReference; lastKnownFileType = image.png; path = delete.png; sourceTree = "<group>"; };
		51FC7F962D0B4FB700064AA2 /* swap.png */ = {isa = PBXFileReference; lastKnownFileType = image.png; path = swap.png; sourceTree = "<group>"; };
		51FC7F982D0B570A00064AA2 /* first.mp3 */ = {isa = PBXFileReference; lastKnownFileType = audio.mp3; path = first.mp3; sourceTree = "<group>"; };
		51FC7F9A2D0B571300064AA2 /* weapon_gun_1911_A_19.mp3 */ = {isa = PBXFileReference; lastKnownFileType = audio.mp3; path = weapon_gun_1911_A_19.mp3; sourceTree = "<group>"; };
		8043C7082CC3721A00AE8B4D /* Blocks.app */ = {isa = PBXFileReference; explicitFileType = wrapper.application; includeInIndex = 0; path = Blocks.app; sourceTree = BUILT_PRODUCTS_DIR; };
		8043C70B2CC3721A00AE8B4D /* BlocksApp.swift */ = {isa = PBXFileReference; lastKnownFileType = sourcecode.swift; path = BlocksApp.swift; sourceTree = "<group>"; };
		8043C70D2CC3721A00AE8B4D /* ContentView.swift */ = {isa = PBXFileReference; lastKnownFileType = sourcecode.swift; path = ContentView.swift; sourceTree = "<group>"; };
		8043C70F2CC3721B00AE8B4D /* Assets.xcassets */ = {isa = PBXFileReference; lastKnownFileType = folder.assetcatalog; path = Assets.xcassets; sourceTree = "<group>"; };
		8043C7122CC3721B00AE8B4D /* Preview Assets.xcassets */ = {isa = PBXFileReference; lastKnownFileType = folder.assetcatalog; path = "Preview Assets.xcassets"; sourceTree = "<group>"; };
		80605FC92D0E2C9E003336FE /* question.png */ = {isa = PBXFileReference; lastKnownFileType = image.png; path = question.png; sourceTree = "<group>"; };
		80605FCB2D0E2DFC003336FE /* questionmark.png */ = {isa = PBXFileReference; lastKnownFileType = image.png; path = questionmark.png; sourceTree = "<group>"; };
		808EFBE12CD88AA800AF1606 /* BLShapeNode5Block.swift */ = {isa = PBXFileReference; lastKnownFileType = sourcecode.swift; path = BLShapeNode5Block.swift; sourceTree = "<group>"; };
		80CA97462CDC83EF007AB840 /* download.mp3 */ = {isa = PBXFileReference; lastKnownFileType = audio.mp3; path = download.mp3; sourceTree = "<group>"; };
		9E35805E2CD1A407007ABB7D /* BGameContext.swift */ = {isa = PBXFileReference; lastKnownFileType = sourcecode.swift; path = BGameContext.swift; sourceTree = "<group>"; };
		9E35805F2CD1A407007ABB7D /* BGameScene.swift */ = {isa = PBXFileReference; lastKnownFileType = sourcecode.swift; path = BGameScene.swift; sourceTree = "<group>"; };
		9E3580612CD1A407007ABB7D /* BGameInfo.swift */ = {isa = PBXFileReference; lastKnownFileType = sourcecode.swift; path = BGameInfo.swift; sourceTree = "<group>"; };
		9E3580622CD1A407007ABB7D /* BLayoutInfo.swift */ = {isa = PBXFileReference; lastKnownFileType = sourcecode.swift; path = BLayoutInfo.swift; sourceTree = "<group>"; };
		9E3580652CD1A407007ABB7D /* BBoxNode.swift */ = {isa = PBXFileReference; lastKnownFileType = sourcecode.swift; path = BBoxNode.swift; sourceTree = "<group>"; };
		9E3580692CD1A407007ABB7D /* BSingleBlock.swift */ = {isa = PBXFileReference; lastKnownFileType = sourcecode.swift; path = BSingleBlock.swift; sourceTree = "<group>"; };
		9E35806E2CD1A407007ABB7D /* BGameClearingState.swift */ = {isa = PBXFileReference; lastKnownFileType = sourcecode.swift; path = BGameClearingState.swift; sourceTree = "<group>"; };
		9E35806F2CD1A407007ABB7D /* BGameIdleState.swift */ = {isa = PBXFileReference; lastKnownFileType = sourcecode.swift; path = BGameIdleState.swift; sourceTree = "<group>"; };
		9E3580702CD1A407007ABB7D /* BGamePlacingState.swift */ = {isa = PBXFileReference; lastKnownFileType = sourcecode.swift; path = BGamePlacingState.swift; sourceTree = "<group>"; };
		9E3580712CD1A407007ABB7D /* BGamePlayingState.swift */ = {isa = PBXFileReference; lastKnownFileType = sourcecode.swift; path = BGamePlayingState.swift; sourceTree = "<group>"; };
		9E3580722CD1A407007ABB7D /* GameState.swift */ = {isa = PBXFileReference; lastKnownFileType = sourcecode.swift; path = GameState.swift; sourceTree = "<group>"; };
		9E3580872CD1A459007ABB7D /* Dependencies.swift */ = {isa = PBXFileReference; lastKnownFileType = sourcecode.swift; path = Dependencies.swift; sourceTree = "<group>"; };
		9E3580882CD1A459007ABB7D /* GameContext.swift */ = {isa = PBXFileReference; lastKnownFileType = sourcecode.swift; path = GameContext.swift; sourceTree = "<group>"; };
		9E3580892CD1A459007ABB7D /* GameModeType.swift */ = {isa = PBXFileReference; lastKnownFileType = sourcecode.swift; path = GameModeType.swift; sourceTree = "<group>"; };
		9E35808A2CD1A459007ABB7D /* GameType.swift */ = {isa = PBXFileReference; lastKnownFileType = sourcecode.swift; path = GameType.swift; sourceTree = "<group>"; };
/* End PBXFileReference section */

/* Begin PBXFrameworksBuildPhase section */
		8043C7052CC3721A00AE8B4D /* Frameworks */ = {
			isa = PBXFrameworksBuildPhase;
			buildActionMask = 2147483647;
			files = (
				510F3E9A2D0BADE8004E3CAC /* SpriteKit.framework in Frameworks */,
			);
			runOnlyForDeploymentPostprocessing = 0;
		};
/* End PBXFrameworksBuildPhase section */

/* Begin PBXGroup section */
		510F3E982D0BADE7004E3CAC /* Frameworks */ = {
			isa = PBXGroup;
			children = (
				510F3E992D0BADE8004E3CAC /* SpriteKit.framework */,
			);
			name = Frameworks;
			sourceTree = "<group>";
		};
		8043C6FF2CC3721A00AE8B4D = {
			isa = PBXGroup;
			children = (
				9E3580A72CD1A563007ABB7D /* Assets */,
				9E35808B2CD1A459007ABB7D /* Base */,
				9E3580742CD1A407007ABB7D /* Code */,
				8043C70A2CC3721A00AE8B4D /* Blocks */,
				8043C7092CC3721A00AE8B4D /* Products */,
				510F3E982D0BADE7004E3CAC /* Frameworks */,
			);
			sourceTree = "<group>";
		};
		8043C7092CC3721A00AE8B4D /* Products */ = {
			isa = PBXGroup;
			children = (
				8043C7082CC3721A00AE8B4D /* Blocks.app */,
			);
			name = Products;
			sourceTree = "<group>";
		};
		8043C70A2CC3721A00AE8B4D /* Blocks */ = {
			isa = PBXGroup;
			children = (
				8043C7112CC3721B00AE8B4D /* Preview Content */,
				8043C70D2CC3721A00AE8B4D /* ContentView.swift */,
				8043C70B2CC3721A00AE8B4D /* BlocksApp.swift */,
			);
			path = Blocks;
			sourceTree = "<group>";
		};
		8043C7112CC3721B00AE8B4D /* Preview Content */ = {
			isa = PBXGroup;
			children = (
				8043C7122CC3721B00AE8B4D /* Preview Assets.xcassets */,
			);
			path = "Preview Content";
			sourceTree = "<group>";
		};
		808EFBE02CD87D0100AF1606 /* Custom Nodes */ = {
			isa = PBXGroup;
			children = (
				51B2BAB72CD82BB200BB4E30 /* BLShapeNode.swift */,
				808EFBE12CD88AA800AF1606 /* BLShapeNode5Block.swift */,
				516084AD2CE26C370036A6BA /* BRotatedLShape2x2.swift */,
				51B31FB72CE2FAC900C74417 /* BRotated5LBlock3x3.swift */,
				5110A1122CEBD08C004AB60D /* BT5Block.swift */,
				5110A1142CEBE813004AB60D /* BZShapeBlock.swift */,
			);
			path = "Custom Nodes";
			sourceTree = "<group>";
		};
		9E3580602CD1A407007ABB7D /* Core */ = {
			isa = PBXGroup;
			children = (
				9E35805E2CD1A407007ABB7D /* BGameContext.swift */,
				9E35805F2CD1A407007ABB7D /* BGameScene.swift */,
			);
			path = Core;
			sourceTree = "<group>";
		};
		9E3580632CD1A407007ABB7D /* Helpers */ = {
			isa = PBXGroup;
			children = (
				9E3580612CD1A407007ABB7D /* BGameInfo.swift */,
				9E3580622CD1A407007ABB7D /* BLayoutInfo.swift */,
			);
			path = Helpers;
			sourceTree = "<group>";
		};
		9E35806D2CD1A407007ABB7D /* Nodes */ = {
			isa = PBXGroup;
			children = (
				80605FCB2D0E2DFC003336FE /* questionmark.png */,
				80605FC92D0E2C9E003336FE /* question.png */,
				51FC7F962D0B4FB700064AA2 /* swap.png */,
				51FC7F902D0B4F9800064AA2 /* multiplier.png */,
				510F3E942D0BA3C6004E3CAC /* multiplier2.png */,
				51FC7F942D0B4FA800064AA2 /* delete.png */,
				51FC7F922D0B4FA100064AA2 /* undo.png */,
				5190EBE42D0D255A00E1674A /* X.png */,
				510F3E962D0BA756004E3CAC /* multiplier3.png */,
				510714902CE6C3D500E7B201 /* bg.png */,
				51A81AC12CDECC37002406E2 /* Muted.mp3 */,
				51FC7F9A2D0B571300064AA2 /* weapon_gun_1911_A_19.mp3 */,
				5190EBD82D0CB3DB00E1674A /* gameover_voice.mp3 */,
				51FC7F982D0B570A00064AA2 /* first.mp3 */,
				51A81AC32CDECC37002406E2 /* Soft_Pop_or_Click.mp3 */,
				51E0B0262CDF11BE0007EE98 /* New.mp3 */,
				80CA97462CDC83EF007AB840 /* download.mp3 */,
				5127EFFD2CDD413900FF8FC8 /* Risingwav.mp3 */,
				9E3580652CD1A407007ABB7D /* BBoxNode.swift */,
				9E3580692CD1A407007ABB7D /* BSingleBlock.swift */,
				5156DB5D2CD6DC0B00718AD9 /* BSquareBlock2x2.swift */,
				5187D3852CD813FF00787D80 /* B3x3SquareNode.swift */,
				51B2BAB32CD82A4000BB4E30 /* BVerticalBlockNode.swift */,
				51B2BAB52CD82AE300BB4E30 /* BHorizontalBlockNode.swift */,
				51B2BABB2CD82F8300BB4E30 /* BVerticalBlockNode1x3.swift */,
				51B2BABD2CD82FC800BB4E30 /* BHorizontalBlockNode1x3.swift */,
				51B2BABF2CD8302E00BB4E30 /* BVerticalBlockNode1x4.swift */,
				51B2BAC12CD8305800BB4E30 /* BHorizontalBlockNode1x4.swift */,
				808EFBE02CD87D0100AF1606 /* Custom Nodes */,
			);
			path = Nodes;
			sourceTree = "<group>";
		};
		9E3580732CD1A407007ABB7D /* States */ = {
			isa = PBXGroup;
			children = (
				9E35806E2CD1A407007ABB7D /* BGameClearingState.swift */,
				9E35806F2CD1A407007ABB7D /* BGameIdleState.swift */,
				9E3580702CD1A407007ABB7D /* BGamePlacingState.swift */,
				9E3580712CD1A407007ABB7D /* BGamePlayingState.swift */,
				9E3580722CD1A407007ABB7D /* GameState.swift */,
			);
			path = States;
			sourceTree = "<group>";
		};
		9E3580742CD1A407007ABB7D /* Code */ = {
			isa = PBXGroup;
			children = (
				9E3580A82CD1A595007ABB7D /* Models */,
				9E3580602CD1A407007ABB7D /* Core */,
				9E35806D2CD1A407007ABB7D /* Nodes */,
				9E3580632CD1A407007ABB7D /* Helpers */,
				9E3580732CD1A407007ABB7D /* States */,
			);
			path = Code;
			sourceTree = "<group>";
		};
		9E35808B2CD1A459007ABB7D /* Base */ = {
			isa = PBXGroup;
			children = (
				9E3580872CD1A459007ABB7D /* Dependencies.swift */,
				9E3580882CD1A459007ABB7D /* GameContext.swift */,
				9E3580892CD1A459007ABB7D /* GameModeType.swift */,
				9E35808A2CD1A459007ABB7D /* GameType.swift */,
			);
			path = Base;
			sourceTree = "<group>";
		};
		9E3580A72CD1A563007ABB7D /* Assets */ = {
			isa = PBXGroup;
			children = (
				8043C70F2CC3721B00AE8B4D /* Assets.xcassets */,
			);
			path = Assets;
			sourceTree = "<group>";
		};
		9E3580A82CD1A595007ABB7D /* Models */ = {
			isa = PBXGroup;
			children = (
			);
			path = Models;
			sourceTree = "<group>";
		};
/* End PBXGroup section */

/* Begin PBXNativeTarget section */
		8043C7072CC3721A00AE8B4D /* Blocks */ = {
			isa = PBXNativeTarget;
			buildConfigurationList = 8043C7162CC3721B00AE8B4D /* Build configuration list for PBXNativeTarget "Blocks" */;
			buildPhases = (
				8043C7042CC3721A00AE8B4D /* Sources */,
				8043C7052CC3721A00AE8B4D /* Frameworks */,
				8043C7062CC3721A00AE8B4D /* Resources */,
			);
			buildRules = (
			);
			dependencies = (
			);
			name = Blocks;
			productName = Blocks;
			productReference = 8043C7082CC3721A00AE8B4D /* Blocks.app */;
			productType = "com.apple.product-type.application";
		};
/* End PBXNativeTarget section */

/* Begin PBXProject section */
		8043C7002CC3721A00AE8B4D /* Project object */ = {
			isa = PBXProject;
			attributes = {
				BuildIndependentTargetsInParallel = 1;
				LastSwiftUpdateCheck = 1540;
				LastUpgradeCheck = 1540;
				TargetAttributes = {
					8043C7072CC3721A00AE8B4D = {
						CreatedOnToolsVersion = 15.4;
					};
				};
			};
			buildConfigurationList = 8043C7032CC3721A00AE8B4D /* Build configuration list for PBXProject "Blocks" */;
			compatibilityVersion = "Xcode 14.0";
			developmentRegion = en;
			hasScannedForEncodings = 0;
			knownRegions = (
				en,
				Base,
			);
			mainGroup = 8043C6FF2CC3721A00AE8B4D;
			productRefGroup = 8043C7092CC3721A00AE8B4D /* Products */;
			projectDirPath = "";
			projectRoot = "";
			targets = (
				8043C7072CC3721A00AE8B4D /* Blocks */,
			);
		};
/* End PBXProject section */

/* Begin PBXResourcesBuildPhase section */
		8043C7062CC3721A00AE8B4D /* Resources */ = {
			isa = PBXResourcesBuildPhase;
			buildActionMask = 2147483647;
			files = (
				5190EBE52D0D255A00E1674A /* X.png in Resources */,
				51FC7F9B2D0B571300064AA2 /* weapon_gun_1911_A_19.mp3 in Resources */,
				80CA97472CDC83EF007AB840 /* download.mp3 in Resources */,
				510F3E972D0BA756004E3CAC /* multiplier3.png in Resources */,
				5127EFFE2CDD413900FF8FC8 /* Risingwav.mp3 in Resources */,
				51FC7F932D0B4FA100064AA2 /* undo.png in Resources */,
				51FC7F912D0B4F9800064AA2 /* multiplier.png in Resources */,
				51FC7F972D0B4FB700064AA2 /* swap.png in Resources */,
				51A81AC52CDECC37002406E2 /* Muted.mp3 in Resources */,
				51FC7F952D0B4FA800064AA2 /* delete.png in Resources */,
				51A81AC62CDECC37002406E2 /* Soft_Pop_or_Click.mp3 in Resources */,
				8043C7132CC3721B00AE8B4D /* Preview Assets.xcassets in Resources */,
				8043C7102CC3721B00AE8B4D /* Assets.xcassets in Resources */,
				510F3E952D0BA3C6004E3CAC /* multiplier2.png in Resources */,
				80605FCA2D0E2C9E003336FE /* question.png in Resources */,
				51E0B0272CDF11BE0007EE98 /* New.mp3 in Resources */,
				510714912CE6C3D500E7B201 /* bg.png in Resources */,
				5190EBD92D0CB3DB00E1674A /* gameover_voice.mp3 in Resources */,
				80605FCC2D0E2DFC003336FE /* questionmark.png in Resources */,
				51FC7F992D0B570A00064AA2 /* first.mp3 in Resources */,
			);
			runOnlyForDeploymentPostprocessing = 0;
		};
/* End PBXResourcesBuildPhase section */

/* Begin PBXSourcesBuildPhase section */
		8043C7042CC3721A00AE8B4D /* Sources */ = {
			isa = PBXSourcesBuildPhase;
			buildActionMask = 2147483647;
			files = (
				9E3580752CD1A407007ABB7D /* BLayoutInfo.swift in Sources */,
				9E3580762CD1A407007ABB7D /* BGameIdleState.swift in Sources */,
				9E3580772CD1A407007ABB7D /* BGameScene.swift in Sources */,
				9E3580782CD1A407007ABB7D /* BGameContext.swift in Sources */,
				516084AE2CE26C370036A6BA /* BRotatedLShape2x2.swift in Sources */,
				9E35807A2CD1A407007ABB7D /* BGameClearingState.swift in Sources */,
				808EFBE22CD88AA800AF1606 /* BLShapeNode5Block.swift in Sources */,
				9E35807D2CD1A407007ABB7D /* BBoxNode.swift in Sources */,
				5187D3862CD813FF00787D80 /* B3x3SquareNode.swift in Sources */,
				51B31FB82CE2FAC900C74417 /* BRotated5LBlock3x3.swift in Sources */,
				51B2BABC2CD82F8300BB4E30 /* BVerticalBlockNode1x3.swift in Sources */,
				9E35807E2CD1A407007ABB7D /* BSingleBlock.swift in Sources */,
				51B2BAB42CD82A4000BB4E30 /* BVerticalBlockNode.swift in Sources */,
				9E35807F2CD1A407007ABB7D /* BGamePlacingState.swift in Sources */,
				9E3580822CD1A407007ABB7D /* BGameInfo.swift in Sources */,
				9E3580832CD1A407007ABB7D /* BGamePlayingState.swift in Sources */,
				51B2BAB62CD82AE300BB4E30 /* BHorizontalBlockNode.swift in Sources */,
				51B2BAC02CD8302E00BB4E30 /* BVerticalBlockNode1x4.swift in Sources */,
				51B2BABE2CD82FC800BB4E30 /* BHorizontalBlockNode1x3.swift in Sources */,
				9E3580852CD1A407007ABB7D /* GameState.swift in Sources */,
				5110A1152CEBE813004AB60D /* BZShapeBlock.swift in Sources */,
				51B2BAC22CD8305800BB4E30 /* BHorizontalBlockNode1x4.swift in Sources */,
				9E35808C2CD1A459007ABB7D /* GameType.swift in Sources */,
				5156DB5E2CD6DC0B00718AD9 /* BSquareBlock2x2.swift in Sources */,
				9E35808D2CD1A459007ABB7D /* GameModeType.swift in Sources */,
				51B2BAB82CD82BB200BB4E30 /* BLShapeNode.swift in Sources */,
				5110A1132CEBD08C004AB60D /* BT5Block.swift in Sources */,
				9E35808E2CD1A459007ABB7D /* Dependencies.swift in Sources */,
				9E35808F2CD1A459007ABB7D /* GameContext.swift in Sources */,
				8043C70E2CC3721A00AE8B4D /* ContentView.swift in Sources */,
				8043C70C2CC3721A00AE8B4D /* BlocksApp.swift in Sources */,
			);
			runOnlyForDeploymentPostprocessing = 0;
		};
/* End PBXSourcesBuildPhase section */

/* Begin XCBuildConfiguration section */
		8043C7142CC3721B00AE8B4D /* Debug */ = {
			isa = XCBuildConfiguration;
			buildSettings = {
				ALWAYS_SEARCH_USER_PATHS = NO;
				ASSETCATALOG_COMPILER_GENERATE_SWIFT_ASSET_SYMBOL_EXTENSIONS = YES;
				CLANG_ANALYZER_NONNULL = YES;
				CLANG_ANALYZER_NUMBER_OBJECT_CONVERSION = YES_AGGRESSIVE;
				CLANG_CXX_LANGUAGE_STANDARD = "gnu++20";
				CLANG_ENABLE_MODULES = YES;
				CLANG_ENABLE_OBJC_ARC = YES;
				CLANG_ENABLE_OBJC_WEAK = YES;
				CLANG_WARN_BLOCK_CAPTURE_AUTORELEASING = YES;
				CLANG_WARN_BOOL_CONVERSION = YES;
				CLANG_WARN_COMMA = YES;
				CLANG_WARN_CONSTANT_CONVERSION = YES;
				CLANG_WARN_DEPRECATED_OBJC_IMPLEMENTATIONS = YES;
				CLANG_WARN_DIRECT_OBJC_ISA_USAGE = YES_ERROR;
				CLANG_WARN_DOCUMENTATION_COMMENTS = YES;
				CLANG_WARN_EMPTY_BODY = YES;
				CLANG_WARN_ENUM_CONVERSION = YES;
				CLANG_WARN_INFINITE_RECURSION = YES;
				CLANG_WARN_INT_CONVERSION = YES;
				CLANG_WARN_NON_LITERAL_NULL_CONVERSION = YES;
				CLANG_WARN_OBJC_IMPLICIT_RETAIN_SELF = YES;
				CLANG_WARN_OBJC_LITERAL_CONVERSION = YES;
				CLANG_WARN_OBJC_ROOT_CLASS = YES_ERROR;
				CLANG_WARN_QUOTED_INCLUDE_IN_FRAMEWORK_HEADER = YES;
				CLANG_WARN_RANGE_LOOP_ANALYSIS = YES;
				CLANG_WARN_STRICT_PROTOTYPES = YES;
				CLANG_WARN_SUSPICIOUS_MOVE = YES;
				CLANG_WARN_UNGUARDED_AVAILABILITY = YES_AGGRESSIVE;
				CLANG_WARN_UNREACHABLE_CODE = YES;
				CLANG_WARN__DUPLICATE_METHOD_MATCH = YES;
				COPY_PHASE_STRIP = NO;
				DEBUG_INFORMATION_FORMAT = dwarf;
				ENABLE_STRICT_OBJC_MSGSEND = YES;
				ENABLE_TESTABILITY = YES;
				ENABLE_USER_SCRIPT_SANDBOXING = YES;
				GCC_C_LANGUAGE_STANDARD = gnu17;
				GCC_DYNAMIC_NO_PIC = NO;
				GCC_NO_COMMON_BLOCKS = YES;
				GCC_OPTIMIZATION_LEVEL = 0;
				GCC_PREPROCESSOR_DEFINITIONS = (
					"DEBUG=1",
					"$(inherited)",
				);
				GCC_WARN_64_TO_32_BIT_CONVERSION = YES;
				GCC_WARN_ABOUT_RETURN_TYPE = YES_ERROR;
				GCC_WARN_UNDECLARED_SELECTOR = YES;
				GCC_WARN_UNINITIALIZED_AUTOS = YES_AGGRESSIVE;
				GCC_WARN_UNUSED_FUNCTION = YES;
				GCC_WARN_UNUSED_VARIABLE = YES;
				IPHONEOS_DEPLOYMENT_TARGET = 17.5;
				LOCALIZATION_PREFERS_STRING_CATALOGS = YES;
				MTL_ENABLE_DEBUG_INFO = INCLUDE_SOURCE;
				MTL_FAST_MATH = YES;
				ONLY_ACTIVE_ARCH = YES;
				SDKROOT = iphoneos;
				SWIFT_ACTIVE_COMPILATION_CONDITIONS = "DEBUG $(inherited)";
				SWIFT_OPTIMIZATION_LEVEL = "-Onone";
			};
			name = Debug;
		};
		8043C7152CC3721B00AE8B4D /* Release */ = {
			isa = XCBuildConfiguration;
			buildSettings = {
				ALWAYS_SEARCH_USER_PATHS = NO;
				ASSETCATALOG_COMPILER_GENERATE_SWIFT_ASSET_SYMBOL_EXTENSIONS = YES;
				CLANG_ANALYZER_NONNULL = YES;
				CLANG_ANALYZER_NUMBER_OBJECT_CONVERSION = YES_AGGRESSIVE;
				CLANG_CXX_LANGUAGE_STANDARD = "gnu++20";
				CLANG_ENABLE_MODULES = YES;
				CLANG_ENABLE_OBJC_ARC = YES;
				CLANG_ENABLE_OBJC_WEAK = YES;
				CLANG_WARN_BLOCK_CAPTURE_AUTORELEASING = YES;
				CLANG_WARN_BOOL_CONVERSION = YES;
				CLANG_WARN_COMMA = YES;
				CLANG_WARN_CONSTANT_CONVERSION = YES;
				CLANG_WARN_DEPRECATED_OBJC_IMPLEMENTATIONS = YES;
				CLANG_WARN_DIRECT_OBJC_ISA_USAGE = YES_ERROR;
				CLANG_WARN_DOCUMENTATION_COMMENTS = YES;
				CLANG_WARN_EMPTY_BODY = YES;
				CLANG_WARN_ENUM_CONVERSION = YES;
				CLANG_WARN_INFINITE_RECURSION = YES;
				CLANG_WARN_INT_CONVERSION = YES;
				CLANG_WARN_NON_LITERAL_NULL_CONVERSION = YES;
				CLANG_WARN_OBJC_IMPLICIT_RETAIN_SELF = YES;
				CLANG_WARN_OBJC_LITERAL_CONVERSION = YES;
				CLANG_WARN_OBJC_ROOT_CLASS = YES_ERROR;
				CLANG_WARN_QUOTED_INCLUDE_IN_FRAMEWORK_HEADER = YES;
				CLANG_WARN_RANGE_LOOP_ANALYSIS = YES;
				CLANG_WARN_STRICT_PROTOTYPES = YES;
				CLANG_WARN_SUSPICIOUS_MOVE = YES;
				CLANG_WARN_UNGUARDED_AVAILABILITY = YES_AGGRESSIVE;
				CLANG_WARN_UNREACHABLE_CODE = YES;
				CLANG_WARN__DUPLICATE_METHOD_MATCH = YES;
				COPY_PHASE_STRIP = NO;
				DEBUG_INFORMATION_FORMAT = "dwarf-with-dsym";
				ENABLE_NS_ASSERTIONS = NO;
				ENABLE_STRICT_OBJC_MSGSEND = YES;
				ENABLE_USER_SCRIPT_SANDBOXING = YES;
				GCC_C_LANGUAGE_STANDARD = gnu17;
				GCC_NO_COMMON_BLOCKS = YES;
				GCC_WARN_64_TO_32_BIT_CONVERSION = YES;
				GCC_WARN_ABOUT_RETURN_TYPE = YES_ERROR;
				GCC_WARN_UNDECLARED_SELECTOR = YES;
				GCC_WARN_UNINITIALIZED_AUTOS = YES_AGGRESSIVE;
				GCC_WARN_UNUSED_FUNCTION = YES;
				GCC_WARN_UNUSED_VARIABLE = YES;
				IPHONEOS_DEPLOYMENT_TARGET = 17.5;
				LOCALIZATION_PREFERS_STRING_CATALOGS = YES;
				MTL_ENABLE_DEBUG_INFO = NO;
				MTL_FAST_MATH = YES;
				SDKROOT = iphoneos;
				SWIFT_COMPILATION_MODE = wholemodule;
				VALIDATE_PRODUCT = YES;
			};
			name = Release;
		};
		8043C7172CC3721B00AE8B4D /* Debug */ = {
			isa = XCBuildConfiguration;
			buildSettings = {
				ASSETCATALOG_COMPILER_APPICON_NAME = AppIcon;
				ASSETCATALOG_COMPILER_GLOBAL_ACCENT_COLOR_NAME = AccentColor;
				CODE_SIGN_STYLE = Automatic;
				CURRENT_PROJECT_VERSION = 1;
				DEVELOPMENT_ASSET_PATHS = "\"Blocks/Preview Content\"";
				DEVELOPMENT_TEAM = GY8R2NLRXH;
				ENABLE_PREVIEWS = YES;
				GENERATE_INFOPLIST_FILE = YES;
				INFOPLIST_KEY_UIApplicationSceneManifest_Generation = YES;
				INFOPLIST_KEY_UIApplicationSupportsIndirectInputEvents = YES;
				INFOPLIST_KEY_UILaunchScreen_Generation = YES;
				INFOPLIST_KEY_UISupportedInterfaceOrientations_iPad = "UIInterfaceOrientationPortrait UIInterfaceOrientationPortraitUpsideDown UIInterfaceOrientationLandscapeLeft UIInterfaceOrientationLandscapeRight";
				INFOPLIST_KEY_UISupportedInterfaceOrientations_iPhone = "UIInterfaceOrientationPortrait UIInterfaceOrientationLandscapeLeft UIInterfaceOrientationLandscapeRight";
				IPHONEOS_DEPLOYMENT_TARGET = 16.0;
				LD_RUNPATH_SEARCH_PATHS = (
					"$(inherited)",
					"@executable_path/Frameworks",
				);
				MARKETING_VERSION = 1.0;
				PRODUCT_BUNDLE_IDENTIFIER = com.yourname.Blocks;
				PRODUCT_NAME = "$(TARGET_NAME)";
				SWIFT_EMIT_LOC_STRINGS = YES;
				SWIFT_VERSION = 5.0;
				TARGETED_DEVICE_FAMILY = "1,2";
			};
			name = Debug;
		};
		8043C7182CC3721B00AE8B4D /* Release */ = {
			isa = XCBuildConfiguration;
			buildSettings = {
				ASSETCATALOG_COMPILER_APPICON_NAME = AppIcon;
				ASSETCATALOG_COMPILER_GLOBAL_ACCENT_COLOR_NAME = AccentColor;
				CODE_SIGN_STYLE = Automatic;
				CURRENT_PROJECT_VERSION = 1;
				DEVELOPMENT_ASSET_PATHS = "\"Blocks/Preview Content\"";
				DEVELOPMENT_TEAM = GY8R2NLRXH;
				ENABLE_PREVIEWS = YES;
				GENERATE_INFOPLIST_FILE = YES;
				INFOPLIST_KEY_UIApplicationSceneManifest_Generation = YES;
				INFOPLIST_KEY_UIApplicationSupportsIndirectInputEvents = YES;
				INFOPLIST_KEY_UILaunchScreen_Generation = YES;
				INFOPLIST_KEY_UISupportedInterfaceOrientations_iPad = "UIInterfaceOrientationPortrait UIInterfaceOrientationPortraitUpsideDown UIInterfaceOrientationLandscapeLeft UIInterfaceOrientationLandscapeRight";
				INFOPLIST_KEY_UISupportedInterfaceOrientations_iPhone = "UIInterfaceOrientationPortrait UIInterfaceOrientationLandscapeLeft UIInterfaceOrientationLandscapeRight";
				IPHONEOS_DEPLOYMENT_TARGET = 16.0;
				LD_RUNPATH_SEARCH_PATHS = (
					"$(inherited)",
					"@executable_path/Frameworks",
				);
				MARKETING_VERSION = 1.0;
				PRODUCT_BUNDLE_IDENTIFIER = com.yourname.Blocks;
				PRODUCT_NAME = "$(TARGET_NAME)";
				SWIFT_EMIT_LOC_STRINGS = YES;
				SWIFT_VERSION = 5.0;
				TARGETED_DEVICE_FAMILY = "1,2";
			};
			name = Release;
		};
/* End XCBuildConfiguration section */

/* Begin XCConfigurationList section */
		8043C7032CC3721A00AE8B4D /* Build configuration list for PBXProject "Blocks" */ = {
			isa = XCConfigurationList;
			buildConfigurations = (
				8043C7142CC3721B00AE8B4D /* Debug */,
				8043C7152CC3721B00AE8B4D /* Release */,
			);
			defaultConfigurationIsVisible = 0;
			defaultConfigurationName = Release;
		};
		8043C7162CC3721B00AE8B4D /* Build configuration list for PBXNativeTarget "Blocks" */ = {
			isa = XCConfigurationList;
			buildConfigurations = (
				8043C7172CC3721B00AE8B4D /* Debug */,
				8043C7182CC3721B00AE8B4D /* Release */,
			);
			defaultConfigurationIsVisible = 0;
			defaultConfigurationName = Release;
		};
/* End XCConfigurationList section */
	};
	rootObject = 8043C7002CC3721A00AE8B4D /* Project object */;
}
